
Microsoft Visual Studio Solution File, Format Version 12.00
# Visual Studio 15
VisualStudioVersion = 15.0.28307.136
MinimumVisualStudioVersion = 10.0.40219.1
Project("{FAE04EC0-301F-11D3-BF4B-00C04F79EFBC}") = "JParse", "JParse\JParse.csproj", "{BF8C5CCD-189F-4E23-93AD-853599858210}"
EndProject
Project("{FAE04EC0-301F-11D3-BF4B-00C04F79EFBC}") = "JParse.Core", "JParse.Core\JParse.Core.csproj", "{79A57C4D-A29C-4C59-A0D7-6A71C2B0FCCC}"
EndProject
Project("{FAE04EC0-301F-11D3-BF4B-00C04F79EFBC}") = "JParse.Test", "JParse.Test\JParse.Test.csproj", "{3EA145FC-E830-4C1F-8DA6-45C29FFF6AFC}"
EndProject
Global
	GlobalSection(SolutionConfigurationPlatforms) = preSolution
		Debug|Any CPU = Debug|Any CPU
		Release|Any CPU = Release|Any CPU
	EndGlobalSection
	GlobalSection(ProjectConfigurationPlatforms) = postSolution
		{BF8C5CCD-189F-4E23-93AD-853599858210}.Debug|Any CPU.ActiveCfg = Debug|Any CPU
		{BF8C5CCD-189F-4E23-93AD-853599858210}.Debug|Any CPU.Build.0 = Debug|Any CPU
		{BF8C5CCD-189F-4E23-93AD-853599858210}.Release|Any CPU.ActiveCfg = Release|Any CPU
		{BF8C5CCD-189F-4E23-93AD-853599858210}.Release|Any CPU.Build.0 = Release|Any CPU
		{79A57C4D-A29C-4C59-A0D7-6A71C2B0FCCC}.Debug|Any CPU.ActiveCfg = Debug|Any CPU
		{79A57C4D-A29C-4C59-A0D7-6A71C2B0FCCC}.Debug|Any CPU.Build.0 = Debug|Any CPU
		{79A57C4D-A29C-4C59-A0D7-6A71C2B0FCCC}.Release|Any CPU.ActiveCfg = Release|Any CPU
		{79A57C4D-A29C-4C59-A0D7-6A71C2B0FCCC}.Release|Any CPU.Build.0 = Release|Any CPU
		{3EA145FC-E830-4C1F-8DA6-45C29FFF6AFC}.Debug|Any CPU.ActiveCfg = Debug|Any CPU
		{3EA145FC-E830-4C1F-8DA6-45C29FFF6AFC}.Debug|Any CPU.Build.0 = Debug|Any CPU
		{3EA145FC-E830-4C1F-8DA6-45C29FFF6AFC}.Release|Any CPU.ActiveCfg = Release|Any CPU
		{3EA145FC-E830-4C1F-8DA6-45C29FFF6AFC}.Release|Any CPU.Build.0 = Release|Any CPU
	EndGlobalSection
	GlobalSection(SolutionProperties) = preSolution
		HideSolutionNode = FALSE
	EndGlobalSection
	GlobalSection(ExtensibilityGlobals) = postSolution
		SolutionGuid = {CAA6C4A1-71C5-4A43-8BB1-FCB8DBB5B443}
	EndGlobalSection
EndGlobal
